// !$*UTF8*$!
{
	archiveVersion = 1;
	classes = {
	};
	objectVersion = 56;
	objects = {

/* Begin PBXBuildFile section */
		335923002D5C4B6800DB0A3B /* CleanerProperties.swift in Sources */ = {isa = PBXBuildFile; fileRef = 335922FF2D5C4B6800DB0A3B /* CleanerProperties.swift */; };
		6A5141662ADE89BD00247181 /* SwiftPatterns.swift in Sources */ = {isa = PBXBuildFile; fileRef = 6A5141652ADE89BD00247181 /* SwiftPatterns.swift */; };
		6A54A66B2AFDD00000BB8B1E /* Iterators Sequences .swift in Sources */ = {isa = PBXBuildFile; fileRef = 6A54A66A2AFDD00000BB8B1E /* Iterators Sequences .swift */; };
		6AF3C3702AF09D49006B547B /* Protocol Extensions.swift in Sources */ = {isa = PBXBuildFile; fileRef = 6AF3C36F2AF09D49006B547B /* Protocol Extensions.swift */; };
		A936F9D729BA1F4E00D335B1 /* SwiftInDepthApp.swift in Sources */ = {isa = PBXBuildFile; fileRef = A936F9D629BA1F4E00D335B1 /* SwiftInDepthApp.swift */; };
		A936F9D929BA1F4E00D335B1 /* ContentView.swift in Sources */ = {isa = PBXBuildFile; fileRef = A936F9D829BA1F4E00D335B1 /* ContentView.swift */; };
		A936F9DB29BA1F4F00D335B1 /* Assets.xcassets in Resources */ = {isa = PBXBuildFile; fileRef = A936F9DA29BA1F4F00D335B1 /* Assets.xcassets */; };
		A936F9DE29BA1F4F00D335B1 /* Preview Assets.xcassets in Resources */ = {isa = PBXBuildFile; fileRef = A936F9DD29BA1F4F00D335B1 /* Preview Assets.xcassets */; };
		A936F9E829BA1F4F00D335B1 /* SwiftInDepthTests.swift in Sources */ = {isa = PBXBuildFile; fileRef = A936F9E729BA1F4F00D335B1 /* SwiftInDepthTests.swift */; };
		A936F9F229BA1F4F00D335B1 /* SwiftInDepthUITests.swift in Sources */ = {isa = PBXBuildFile; fileRef = A936F9F129BA1F4F00D335B1 /* SwiftInDepthUITests.swift */; };
		A936F9F429BA1F4F00D335B1 /* SwiftInDepthUITestsLaunchTests.swift in Sources */ = {isa = PBXBuildFile; fileRef = A936F9F329BA1F4F00D335B1 /* SwiftInDepthUITestsLaunchTests.swift */; };
		A936FA0229BA1F9200D335B1 /* Sum types.swift in Sources */ = {isa = PBXBuildFile; fileRef = A936FA0129BA1F9200D335B1 /* Sum types.swift */; };
		A936FA0429BC675900D335B1 /* Generics.swift in Sources */ = {isa = PBXBuildFile; fileRef = A936FA0329BC675900D335B1 /* Generics.swift */; };
		A936FA0629BDE34A00D335B1 /* Initializers.swift in Sources */ = {isa = PBXBuildFile; fileRef = A936FA0529BDE34A00D335B1 /* Initializers.swift */; };
		A936FA1929BF15B200D335B1 /* BoardGame.swift in Sources */ = {isa = PBXBuildFile; fileRef = A936FA1829BF15B200D335B1 /* BoardGame.swift */; };
		A936FA1D29BF327900D335B1 /* Protocols.swift in Sources */ = {isa = PBXBuildFile; fileRef = A936FA1C29BF327900D335B1 /* Protocols.swift */; };
		A981143C2A063D00007B8A3C /* Enums.swift in Sources */ = {isa = PBXBuildFile; fileRef = A981143B2A063D00007B8A3C /* Enums.swift */; };
		A9AD81712A61B66000E845F4 /* ErrorHandling.swift in Sources */ = {isa = PBXBuildFile; fileRef = A9AD81702A61B66000E845F4 /* ErrorHandling.swift */; };
		A9C798852A5076F20080CB73 /* Optionals.swift in Sources */ = {isa = PBXBuildFile; fileRef = A9C798842A5076F20080CB73 /* Optionals.swift */; };
		A9CAAC3C29D9C8F300D0234C /* Associated Types.swift in Sources */ = {isa = PBXBuildFile; fileRef = A9CAAC3B29D9C8F300D0234C /* Associated Types.swift */; };
		A9CAAC3E29E18C3700D0234C /* Revision.swift in Sources */ = {isa = PBXBuildFile; fileRef = A9CAAC3D29E18C3700D0234C /* Revision.swift */; };
/* End PBXBuildFile section */

/* Begin PBXContainerItemProxy section */
		A936F9E429BA1F4F00D335B1 /* PBXContainerItemProxy */ = {
			isa = PBXContainerItemProxy;
			containerPortal = A936F9CB29BA1F4E00D335B1 /* Project object */;
			proxyType = 1;
			remoteGlobalIDString = A936F9D229BA1F4E00D335B1;
			remoteInfo = SwiftInDepth;
		};
		A936F9EE29BA1F4F00D335B1 /* PBXContainerItemProxy */ = {
			isa = PBXContainerItemProxy;
			containerPortal = A936F9CB29BA1F4E00D335B1 /* Project object */;
			proxyType = 1;
			remoteGlobalIDString = A936F9D229BA1F4E00D335B1;
			remoteInfo = SwiftInDepth;
		};
/* End PBXContainerItemProxy section */

/* Begin PBXFileReference section */
		335922FF2D5C4B6800DB0A3B /* CleanerProperties.swift */ = {isa = PBXFileReference; lastKnownFileType = sourcecode.swift; path = CleanerProperties.swift; sourceTree = "<group>"; };
		6A5141652ADE89BD00247181 /* SwiftPatterns.swift */ = {isa = PBXFileReference; lastKnownFileType = sourcecode.swift; path = SwiftPatterns.swift; sourceTree = "<group>"; };
		6A54A66A2AFDD00000BB8B1E /* Iterators Sequences .swift */ = {isa = PBXFileReference; lastKnownFileType = sourcecode.swift; path = "Iterators Sequences .swift"; sourceTree = "<group>"; };
		6AF3C36F2AF09D49006B547B /* Protocol Extensions.swift */ = {isa = PBXFileReference; lastKnownFileType = sourcecode.swift; path = "Protocol Extensions.swift"; sourceTree = "<group>"; };
		A936F9D329BA1F4E00D335B1 /* SwiftInDepth.app */ = {isa = PBXFileReference; explicitFileType = wrapper.application; includeInIndex = 0; path = SwiftInDepth.app; sourceTree = BUILT_PRODUCTS_DIR; };
		A936F9D629BA1F4E00D335B1 /* SwiftInDepthApp.swift */ = {isa = PBXFileReference; lastKnownFileType = sourcecode.swift; path = SwiftInDepthApp.swift; sourceTree = "<group>"; };
		A936F9D829BA1F4E00D335B1 /* ContentView.swift */ = {isa = PBXFileReference; lastKnownFileType = sourcecode.swift; path = ContentView.swift; sourceTree = "<group>"; };
		A936F9DA29BA1F4F00D335B1 /* Assets.xcassets */ = {isa = PBXFileReference; lastKnownFileType = folder.assetcatalog; path = Assets.xcassets; sourceTree = "<group>"; };
		A936F9DD29BA1F4F00D335B1 /* Preview Assets.xcassets */ = {isa = PBXFileReference; lastKnownFileType = folder.assetcatalog; path = "Preview Assets.xcassets"; sourceTree = "<group>"; };
		A936F9E329BA1F4F00D335B1 /* SwiftInDepthTests.xctest */ = {isa = PBXFileReference; explicitFileType = wrapper.cfbundle; includeInIndex = 0; path = SwiftInDepthTests.xctest; sourceTree = BUILT_PRODUCTS_DIR; };
		A936F9E729BA1F4F00D335B1 /* SwiftInDepthTests.swift */ = {isa = PBXFileReference; lastKnownFileType = sourcecode.swift; path = SwiftInDepthTests.swift; sourceTree = "<group>"; };
		A936F9ED29BA1F4F00D335B1 /* SwiftInDepthUITests.xctest */ = {isa = PBXFileReference; explicitFileType = wrapper.cfbundle; includeInIndex = 0; path = SwiftInDepthUITests.xctest; sourceTree = BUILT_PRODUCTS_DIR; };
		A936F9F129BA1F4F00D335B1 /* SwiftInDepthUITests.swift */ = {isa = PBXFileReference; lastKnownFileType = sourcecode.swift; path = SwiftInDepthUITests.swift; sourceTree = "<group>"; };
		A936F9F329BA1F4F00D335B1 /* SwiftInDepthUITestsLaunchTests.swift */ = {isa = PBXFileReference; lastKnownFileType = sourcecode.swift; path = SwiftInDepthUITestsLaunchTests.swift; sourceTree = "<group>"; };
		A936FA0129BA1F9200D335B1 /* Sum types.swift */ = {isa = PBXFileReference; lastKnownFileType = sourcecode.swift; path = "Sum types.swift"; sourceTree = "<group>"; };
		A936FA0329BC675900D335B1 /* Generics.swift */ = {isa = PBXFileReference; lastKnownFileType = sourcecode.swift; path = Generics.swift; sourceTree = "<group>"; };
		A936FA0529BDE34A00D335B1 /* Initializers.swift */ = {isa = PBXFileReference; lastKnownFileType = sourcecode.swift; path = Initializers.swift; sourceTree = "<group>"; };
		A936FA1829BF15B200D335B1 /* BoardGame.swift */ = {isa = PBXFileReference; lastKnownFileType = sourcecode.swift; path = BoardGame.swift; sourceTree = "<group>"; };
		A936FA1C29BF327900D335B1 /* Protocols.swift */ = {isa = PBXFileReference; lastKnownFileType = sourcecode.swift; path = Protocols.swift; sourceTree = "<group>"; };
		A981143B2A063D00007B8A3C /* Enums.swift */ = {isa = PBXFileReference; lastKnownFileType = sourcecode.swift; path = Enums.swift; sourceTree = "<group>"; };
		A9AD81702A61B66000E845F4 /* ErrorHandling.swift */ = {isa = PBXFileReference; lastKnownFileType = sourcecode.swift; path = ErrorHandling.swift; sourceTree = "<group>"; };
		A9C798842A5076F20080CB73 /* Optionals.swift */ = {isa = PBXFileReference; lastKnownFileType = sourcecode.swift; path = Optionals.swift; sourceTree = "<group>"; };
		A9CAAC3B29D9C8F300D0234C /* Associated Types.swift */ = {isa = PBXFileReference; lastKnownFileType = sourcecode.swift; path = "Associated Types.swift"; sourceTree = "<group>"; };
		A9CAAC3D29E18C3700D0234C /* Revision.swift */ = {isa = PBXFileReference; lastKnownFileType = sourcecode.swift; path = Revision.swift; sourceTree = "<group>"; };
/* End PBXFileReference section */

/* Begin PBXFrameworksBuildPhase section */
		A936F9D029BA1F4E00D335B1 /* Frameworks */ = {
			isa = PBXFrameworksBuildPhase;
			buildActionMask = 2147483647;
			files = (
			);
			runOnlyForDeploymentPostprocessing = 0;
		};
		A936F9E029BA1F4F00D335B1 /* Frameworks */ = {
			isa = PBXFrameworksBuildPhase;
			buildActionMask = 2147483647;
			files = (
			);
			runOnlyForDeploymentPostprocessing = 0;
		};
		A936F9EA29BA1F4F00D335B1 /* Frameworks */ = {
			isa = PBXFrameworksBuildPhase;
			buildActionMask = 2147483647;
			files = (
			);
			runOnlyForDeploymentPostprocessing = 0;
		};
/* End PBXFrameworksBuildPhase section */

/* Begin PBXGroup section */
		A936F9CA29BA1F4E00D335B1 = {
			isa = PBXGroup;
			children = (
				A936F9D529BA1F4E00D335B1 /* SwiftInDepth */,
				A936F9E629BA1F4F00D335B1 /* SwiftInDepthTests */,
				A936F9F029BA1F4F00D335B1 /* SwiftInDepthUITests */,
				A936F9D429BA1F4E00D335B1 /* Products */,
			);
			sourceTree = "<group>";
		};
		A936F9D429BA1F4E00D335B1 /* Products */ = {
			isa = PBXGroup;
			children = (
				A936F9D329BA1F4E00D335B1 /* SwiftInDepth.app */,
				A936F9E329BA1F4F00D335B1 /* SwiftInDepthTests.xctest */,
				A936F9ED29BA1F4F00D335B1 /* SwiftInDepthUITests.xctest */,
			);
			name = Products;
			sourceTree = "<group>";
		};
		A936F9D529BA1F4E00D335B1 /* SwiftInDepth */ = {
			isa = PBXGroup;
			children = (
				A936FA0029BA1F7000D335B1 /* Practise */,
				A936F9D629BA1F4E00D335B1 /* SwiftInDepthApp.swift */,
				A936F9D829BA1F4E00D335B1 /* ContentView.swift */,
				A936F9DA29BA1F4F00D335B1 /* Assets.xcassets */,
				A936F9DC29BA1F4F00D335B1 /* Preview Content */,
				A9CAAC3D29E18C3700D0234C /* Revision.swift */,
			);
			path = SwiftInDepth;
			sourceTree = "<group>";
		};
		A936F9DC29BA1F4F00D335B1 /* Preview Content */ = {
			isa = PBXGroup;
			children = (
				A936F9DD29BA1F4F00D335B1 /* Preview Assets.xcassets */,
			);
			path = "Preview Content";
			sourceTree = "<group>";
		};
		A936F9E629BA1F4F00D335B1 /* SwiftInDepthTests */ = {
			isa = PBXGroup;
			children = (
				A936F9E729BA1F4F00D335B1 /* SwiftInDepthTests.swift */,
			);
			path = SwiftInDepthTests;
			sourceTree = "<group>";
		};
		A936F9F029BA1F4F00D335B1 /* SwiftInDepthUITests */ = {
			isa = PBXGroup;
			children = (
				A936F9F129BA1F4F00D335B1 /* SwiftInDepthUITests.swift */,
				A936F9F329BA1F4F00D335B1 /* SwiftInDepthUITestsLaunchTests.swift */,
			);
			path = SwiftInDepthUITests;
			sourceTree = "<group>";
		};
		A936FA0029BA1F7000D335B1 /* Practise */ = {
			isa = PBXGroup;
			children = (
				A936FA0129BA1F9200D335B1 /* Sum types.swift */,
				A936FA0329BC675900D335B1 /* Generics.swift */,
				A936FA0529BDE34A00D335B1 /* Initializers.swift */,
				A936FA1829BF15B200D335B1 /* BoardGame.swift */,
				A936FA1C29BF327900D335B1 /* Protocols.swift */,
				A9CAAC3B29D9C8F300D0234C /* Associated Types.swift */,
				A981143B2A063D00007B8A3C /* Enums.swift */,
				A9C798842A5076F20080CB73 /* Optionals.swift */,
				A9AD81702A61B66000E845F4 /* ErrorHandling.swift */,
				6A5141652ADE89BD00247181 /* SwiftPatterns.swift */,
				6AF3C36F2AF09D49006B547B /* Protocol Extensions.swift */,
				6A54A66A2AFDD00000BB8B1E /* Iterators Sequences .swift */,
				335922FF2D5C4B6800DB0A3B /* CleanerProperties.swift */,
			);
			path = Practise;
			sourceTree = "<group>";
		};
/* End PBXGroup section */

/* Begin PBXNativeTarget section */
		A936F9D229BA1F4E00D335B1 /* SwiftInDepth */ = {
			isa = PBXNativeTarget;
			buildConfigurationList = A936F9F729BA1F4F00D335B1 /* Build configuration list for PBXNativeTarget "SwiftInDepth" */;
			buildPhases = (
				A936F9CF29BA1F4E00D335B1 /* Sources */,
				A936F9D029BA1F4E00D335B1 /* Frameworks */,
				A936F9D129BA1F4E00D335B1 /* Resources */,
			);
			buildRules = (
			);
			dependencies = (
			);
			name = SwiftInDepth;
			productName = SwiftInDepth;
			productReference = A936F9D329BA1F4E00D335B1 /* SwiftInDepth.app */;
			productType = "com.apple.product-type.application";
		};
		A936F9E229BA1F4F00D335B1 /* SwiftInDepthTests */ = {
			isa = PBXNativeTarget;
			buildConfigurationList = A936F9FA29BA1F4F00D335B1 /* Build configuration list for PBXNativeTarget "SwiftInDepthTests" */;
			buildPhases = (
				A936F9DF29BA1F4F00D335B1 /* Sources */,
				A936F9E029BA1F4F00D335B1 /* Frameworks */,
				A936F9E129BA1F4F00D335B1 /* Resources */,
			);
			buildRules = (
			);
			dependencies = (
				A936F9E529BA1F4F00D335B1 /* PBXTargetDependency */,
			);
			name = SwiftInDepthTests;
			productName = SwiftInDepthTests;
			productReference = A936F9E329BA1F4F00D335B1 /* SwiftInDepthTests.xctest */;
			productType = "com.apple.product-type.bundle.unit-test";
		};
		A936F9EC29BA1F4F00D335B1 /* SwiftInDepthUITests */ = {
			isa = PBXNativeTarget;
			buildConfigurationList = A936F9FD29BA1F4F00D335B1 /* Build configuration list for PBXNativeTarget "SwiftInDepthUITests" */;
			buildPhases = (
				A936F9E929BA1F4F00D335B1 /* Sources */,
				A936F9EA29BA1F4F00D335B1 /* Frameworks */,
				A936F9EB29BA1F4F00D335B1 /* Resources */,
			);
			buildRules = (
			);
			dependencies = (
				A936F9EF29BA1F4F00D335B1 /* PBXTargetDependency */,
			);
			name = SwiftInDepthUITests;
			productName = SwiftInDepthUITests;
			productReference = A936F9ED29BA1F4F00D335B1 /* SwiftInDepthUITests.xctest */;
			productType = "com.apple.product-type.bundle.ui-testing";
		};
/* End PBXNativeTarget section */

/* Begin PBXProject section */
		A936F9CB29BA1F4E00D335B1 /* Project object */ = {
			isa = PBXProject;
			attributes = {
				BuildIndependentTargetsInParallel = 1;
				LastSwiftUpdateCheck = 1420;
				LastUpgradeCheck = 1420;
				TargetAttributes = {
					A936F9D229BA1F4E00D335B1 = {
						CreatedOnToolsVersion = 14.2;
					};
					A936F9E229BA1F4F00D335B1 = {
						CreatedOnToolsVersion = 14.2;
						TestTargetID = A936F9D229BA1F4E00D335B1;
					};
					A936F9EC29BA1F4F00D335B1 = {
						CreatedOnToolsVersion = 14.2;
						TestTargetID = A936F9D229BA1F4E00D335B1;
					};
				};
			};
			buildConfigurationList = A936F9CE29BA1F4E00D335B1 /* Build configuration list for PBXProject "SwiftInDepth" */;
			compatibilityVersion = "Xcode 14.0";
			developmentRegion = en;
			hasScannedForEncodings = 0;
			knownRegions = (
				en,
				Base,
			);
			mainGroup = A936F9CA29BA1F4E00D335B1;
			productRefGroup = A936F9D429BA1F4E00D335B1 /* Products */;
			projectDirPath = "";
			projectRoot = "";
			targets = (
				A936F9D229BA1F4E00D335B1 /* SwiftInDepth */,
				A936F9E229BA1F4F00D335B1 /* SwiftInDepthTests */,
				A936F9EC29BA1F4F00D335B1 /* SwiftInDepthUITests */,
			);
		};
/* End PBXProject section */

/* Begin PBXResourcesBuildPhase section */
		A936F9D129BA1F4E00D335B1 /* Resources */ = {
			isa = PBXResourcesBuildPhase;
			buildActionMask = 2147483647;
			files = (
				A936F9DE29BA1F4F00D335B1 /* Preview Assets.xcassets in Resources */,
				A936F9DB29BA1F4F00D335B1 /* Assets.xcassets in Resources */,
			);
			runOnlyForDeploymentPostprocessing = 0;
		};
		A936F9E129BA1F4F00D335B1 /* Resources */ = {
			isa = PBXResourcesBuildPhase;
			buildActionMask = 2147483647;
			files = (
			);
			runOnlyForDeploymentPostprocessing = 0;
		};
		A936F9EB29BA1F4F00D335B1 /* Resources */ = {
			isa = PBXResourcesBuildPhase;
			buildActionMask = 2147483647;
			files = (
			);
			runOnlyForDeploymentPostprocessing = 0;
		};
/* End PBXResourcesBuildPhase section */

/* Begin PBXSourcesBuildPhase section */
		A936F9CF29BA1F4E00D335B1 /* Sources */ = {
			isa = PBXSourcesBuildPhase;
			buildActionMask = 2147483647;
			files = (
				A936FA0229BA1F9200D335B1 /* Sum types.swift in Sources */,
				A936FA0429BC675900D335B1 /* Generics.swift in Sources */,
				A981143C2A063D00007B8A3C /* Enums.swift in Sources */,
				A9CAAC3E29E18C3700D0234C /* Revision.swift in Sources */,
				A936FA1D29BF327900D335B1 /* Protocols.swift in Sources */,
				A936F9D929BA1F4E00D335B1 /* ContentView.swift in Sources */,
				6AF3C3702AF09D49006B547B /* Protocol Extensions.swift in Sources */,
				6A5141662ADE89BD00247181 /* SwiftPatterns.swift in Sources */,
				A936FA0629BDE34A00D335B1 /* Initializers.swift in Sources */,
				335923002D5C4B6800DB0A3B /* CleanerProperties.swift in Sources */,
				A936FA1929BF15B200D335B1 /* BoardGame.swift in Sources */,
				6A54A66B2AFDD00000BB8B1E /* Iterators Sequences .swift in Sources */,
				A9CAAC3C29D9C8F300D0234C /* Associated Types.swift in Sources */,
				A9AD81712A61B66000E845F4 /* ErrorHandling.swift in Sources */,
				A9C798852A5076F20080CB73 /* Optionals.swift in Sources */,
				A936F9D729BA1F4E00D335B1 /* SwiftInDepthApp.swift in Sources */,
			);
			runOnlyForDeploymentPostprocessing = 0;
		};
		A936F9DF29BA1F4F00D335B1 /* Sources */ = {
			isa = PBXSourcesBuildPhase;
			buildActionMask = 2147483647;
			files = (
				A936F9E829BA1F4F00D335B1 /* SwiftInDepthTests.swift in Sources */,
			);
			runOnlyForDeploymentPostprocessing = 0;
		};
		A936F9E929BA1F4F00D335B1 /* Sources */ = {
			isa = PBXSourcesBuildPhase;
			buildActionMask = 2147483647;
			files = (
				A936F9F229BA1F4F00D335B1 /* SwiftInDepthUITests.swift in Sources */,
				A936F9F429BA1F4F00D335B1 /* SwiftInDepthUITestsLaunchTests.swift in Sources */,
			);
			runOnlyForDeploymentPostprocessing = 0;
		};
/* End PBXSourcesBuildPhase section */

/* Begin PBXTargetDependency section */
		A936F9E529BA1F4F00D335B1 /* PBXTargetDependency */ = {
			isa = PBXTargetDependency;
			target = A936F9D229BA1F4E00D335B1 /* SwiftInDepth */;
			targetProxy = A936F9E429BA1F4F00D335B1 /* PBXContainerItemProxy */;
		};
		A936F9EF29BA1F4F00D335B1 /* PBXTargetDependency */ = {
			isa = PBXTargetDependency;
			target = A936F9D229BA1F4E00D335B1 /* SwiftInDepth */;
			targetProxy = A936F9EE29BA1F4F00D335B1 /* PBXContainerItemProxy */;
		};
/* End PBXTargetDependency section */

/* Begin XCBuildConfiguration section */
		A936F9F529BA1F4F00D335B1 /* Debug */ = {
			isa = XCBuildConfiguration;
			buildSettings = {
				ALWAYS_SEARCH_USER_PATHS = NO;
				CLANG_ANALYZER_NONNULL = YES;
				CLANG_ANALYZER_NUMBER_OBJECT_CONVERSION = YES_AGGRESSIVE;
				CLANG_CXX_LANGUAGE_STANDARD = "gnu++20";
				CLANG_ENABLE_MODULES = YES;
				CLANG_ENABLE_OBJC_ARC = YES;
				CLANG_ENABLE_OBJC_WEAK = YES;
				CLANG_WARN_BLOCK_CAPTURE_AUTORELEASING = YES;
				CLANG_WARN_BOOL_CONVERSION = YES;
				CLANG_WARN_COMMA = YES;
				CLANG_WARN_CONSTANT_CONVERSION = YES;
				CLANG_WARN_DEPRECATED_OBJC_IMPLEMENTATIONS = YES;
				CLANG_WARN_DIRECT_OBJC_ISA_USAGE = YES_ERROR;
				CLANG_WARN_DOCUMENTATION_COMMENTS = YES;
				CLANG_WARN_EMPTY_BODY = YES;
				CLANG_WARN_ENUM_CONVERSION = YES;
				CLANG_WARN_INFINITE_RECURSION = YES;
				CLANG_WARN_INT_CONVERSION = YES;
				CLANG_WARN_NON_LITERAL_NULL_CONVERSION = YES;
				CLANG_WARN_OBJC_IMPLICIT_RETAIN_SELF = YES;
				CLANG_WARN_OBJC_LITERAL_CONVERSION = YES;
				CLANG_WARN_OBJC_ROOT_CLASS = YES_ERROR;
				CLANG_WARN_QUOTED_INCLUDE_IN_FRAMEWORK_HEADER = YES;
				CLANG_WARN_RANGE_LOOP_ANALYSIS = YES;
				CLANG_WARN_STRICT_PROTOTYPES = YES;
				CLANG_WARN_SUSPICIOUS_MOVE = YES;
				CLANG_WARN_UNGUARDED_AVAILABILITY = YES_AGGRESSIVE;
				CLANG_WARN_UNREACHABLE_CODE = YES;
				CLANG_WARN__DUPLICATE_METHOD_MATCH = YES;
				COPY_PHASE_STRIP = NO;
				DEBUG_INFORMATION_FORMAT = dwarf;
				ENABLE_STRICT_OBJC_MSGSEND = YES;
				ENABLE_TESTABILITY = YES;
				GCC_C_LANGUAGE_STANDARD = gnu11;
				GCC_DYNAMIC_NO_PIC = NO;
				GCC_NO_COMMON_BLOCKS = YES;
				GCC_OPTIMIZATION_LEVEL = 0;
				GCC_PREPROCESSOR_DEFINITIONS = (
					"DEBUG=1",
					"$(inherited)",
				);
				GCC_WARN_64_TO_32_BIT_CONVERSION = YES;
				GCC_WARN_ABOUT_RETURN_TYPE = YES_ERROR;
				GCC_WARN_UNDECLARED_SELECTOR = YES;
				GCC_WARN_UNINITIALIZED_AUTOS = YES_AGGRESSIVE;
				GCC_WARN_UNUSED_FUNCTION = YES;
				GCC_WARN_UNUSED_VARIABLE = YES;
				IPHONEOS_DEPLOYMENT_TARGET = 16.2;
				MTL_ENABLE_DEBUG_INFO = INCLUDE_SOURCE;
				MTL_FAST_MATH = YES;
				ONLY_ACTIVE_ARCH = YES;
				SDKROOT = iphoneos;
				SWIFT_ACTIVE_COMPILATION_CONDITIONS = DEBUG;
				SWIFT_OPTIMIZATION_LEVEL = "-Onone";
			};
			name = Debug;
		};
		A936F9F629BA1F4F00D335B1 /* Release */ = {
			isa = XCBuildConfiguration;
			buildSettings = {
				ALWAYS_SEARCH_USER_PATHS = NO;
				CLANG_ANALYZER_NONNULL = YES;
				CLANG_ANALYZER_NUMBER_OBJECT_CONVERSION = YES_AGGRESSIVE;
				CLANG_CXX_LANGUAGE_STANDARD = "gnu++20";
				CLANG_ENABLE_MODULES = YES;
				CLANG_ENABLE_OBJC_ARC = YES;
				CLANG_ENABLE_OBJC_WEAK = YES;
				CLANG_WARN_BLOCK_CAPTURE_AUTORELEASING = YES;
				CLANG_WARN_BOOL_CONVERSION = YES;
				CLANG_WARN_COMMA = YES;
				CLANG_WARN_CONSTANT_CONVERSION = YES;
				CLANG_WARN_DEPRECATED_OBJC_IMPLEMENTATIONS = YES;
				CLANG_WARN_DIRECT_OBJC_ISA_USAGE = YES_ERROR;
				CLANG_WARN_DOCUMENTATION_COMMENTS = YES;
				CLANG_WARN_EMPTY_BODY = YES;
				CLANG_WARN_ENUM_CONVERSION = YES;
				CLANG_WARN_INFINITE_RECURSION = YES;
				CLANG_WARN_INT_CONVERSION = YES;
				CLANG_WARN_NON_LITERAL_NULL_CONVERSION = YES;
				CLANG_WARN_OBJC_IMPLICIT_RETAIN_SELF = YES;
				CLANG_WARN_OBJC_LITERAL_CONVERSION = YES;
				CLANG_WARN_OBJC_ROOT_CLASS = YES_ERROR;
				CLANG_WARN_QUOTED_INCLUDE_IN_FRAMEWORK_HEADER = YES;
				CLANG_WARN_RANGE_LOOP_ANALYSIS = YES;
				CLANG_WARN_STRICT_PROTOTYPES = YES;
				CLANG_WARN_SUSPICIOUS_MOVE = YES;
				CLANG_WARN_UNGUARDED_AVAILABILITY = YES_AGGRESSIVE;
				CLANG_WARN_UNREACHABLE_CODE = YES;
				CLANG_WARN__DUPLICATE_METHOD_MATCH = YES;
				COPY_PHASE_STRIP = NO;
				DEBUG_INFORMATION_FORMAT = "dwarf-with-dsym";
				ENABLE_NS_ASSERTIONS = NO;
				ENABLE_STRICT_OBJC_MSGSEND = YES;
				GCC_C_LANGUAGE_STANDARD = gnu11;
				GCC_NO_COMMON_BLOCKS = YES;
				GCC_WARN_64_TO_32_BIT_CONVERSION = YES;
				GCC_WARN_ABOUT_RETURN_TYPE = YES_ERROR;
				GCC_WARN_UNDECLARED_SELECTOR = YES;
				GCC_WARN_UNINITIALIZED_AUTOS = YES_AGGRESSIVE;
				GCC_WARN_UNUSED_FUNCTION = YES;
				GCC_WARN_UNUSED_VARIABLE = YES;
				IPHONEOS_DEPLOYMENT_TARGET = 16.2;
				MTL_ENABLE_DEBUG_INFO = NO;
				MTL_FAST_MATH = YES;
				SDKROOT = iphoneos;
				SWIFT_COMPILATION_MODE = wholemodule;
				SWIFT_OPTIMIZATION_LEVEL = "-O";
				VALIDATE_PRODUCT = YES;
			};
			name = Release;
		};
		A936F9F829BA1F4F00D335B1 /* Debug */ = {
			isa = XCBuildConfiguration;
			buildSettings = {
				ASSETCATALOG_COMPILER_APPICON_NAME = AppIcon;
				ASSETCATALOG_COMPILER_GLOBAL_ACCENT_COLOR_NAME = AccentColor;
				CODE_SIGN_STYLE = Automatic;
				CURRENT_PROJECT_VERSION = 1;
				DEVELOPMENT_ASSET_PATHS = "\"SwiftInDepth/Preview Content\"";
				DEVELOPMENT_TEAM = R4YVF8268F;
				ENABLE_PREVIEWS = YES;
				GENERATE_INFOPLIST_FILE = YES;
				INFOPLIST_KEY_UIApplicationSceneManifest_Generation = YES;
				INFOPLIST_KEY_UIApplicationSupportsIndirectInputEvents = YES;
				INFOPLIST_KEY_UILaunchScreen_Generation = YES;
				INFOPLIST_KEY_UISupportedInterfaceOrientations_iPad = "UIInterfaceOrientationPortrait UIInterfaceOrientationPortraitUpsideDown UIInterfaceOrientationLandscapeLeft UIInterfaceOrientationLandscapeRight";
				INFOPLIST_KEY_UISupportedInterfaceOrientations_iPhone = "UIInterfaceOrientationPortrait UIInterfaceOrientationLandscapeLeft UIInterfaceOrientationLandscapeRight";
				LD_RUNPATH_SEARCH_PATHS = (
					"$(inherited)",
					"@executable_path/Frameworks",
				);
				MARKETING_VERSION = 1.0;
				PRODUCT_BUNDLE_IDENTIFIER = kg.optima.SwiftInDepth;
				PRODUCT_NAME = "$(TARGET_NAME)";
				SWIFT_EMIT_LOC_STRINGS = YES;
				SWIFT_VERSION = 5.0;
				TARGETED_DEVICE_FAMILY = "1,2";
			};
			name = Debug;
		};
		A936F9F929BA1F4F00D335B1 /* Release */ = {
			isa = XCBuildConfiguration;
			buildSettings = {
				ASSETCATALOG_COMPILER_APPICON_NAME = AppIcon;
				ASSETCATALOG_COMPILER_GLOBAL_ACCENT_COLOR_NAME = AccentColor;
				CODE_SIGN_STYLE = Automatic;
				CURRENT_PROJECT_VERSION = 1;
				DEVELOPMENT_ASSET_PATHS = "\"SwiftInDepth/Preview Content\"";
				DEVELOPMENT_TEAM = R4YVF8268F;
				ENABLE_PREVIEWS = YES;
				GENERATE_INFOPLIST_FILE = YES;
				INFOPLIST_KEY_UIApplicationSceneManifest_Generation = YES;
				INFOPLIST_KEY_UIApplicationSupportsIndirectInputEvents = YES;
				INFOPLIST_KEY_UILaunchScreen_Generation = YES;
				INFOPLIST_KEY_UISupportedInterfaceOrientations_iPad = "UIInterfaceOrientationPortrait UIInterfaceOrientationPortraitUpsideDown UIInterfaceOrientationLandscapeLeft UIInterfaceOrientationLandscapeRight";
				INFOPLIST_KEY_UISupportedInterfaceOrientations_iPhone = "UIInterfaceOrientationPortrait UIInterfaceOrientationLandscapeLeft UIInterfaceOrientationLandscapeRight";
				LD_RUNPATH_SEARCH_PATHS = (
					"$(inherited)",
					"@executable_path/Frameworks",
				);
				MARKETING_VERSION = 1.0;
				PRODUCT_BUNDLE_IDENTIFIER = kg.optima.SwiftInDepth;
				PRODUCT_NAME = "$(TARGET_NAME)";
				SWIFT_EMIT_LOC_STRINGS = YES;
				SWIFT_VERSION = 5.0;
				TARGETED_DEVICE_FAMILY = "1,2";
			};
			name = Release;
		};
		A936F9FB29BA1F4F00D335B1 /* Debug */ = {
			isa = XCBuildConfiguration;
			buildSettings = {
				ALWAYS_EMBED_SWIFT_STANDARD_LIBRARIES = YES;
				BUNDLE_LOADER = "$(TEST_HOST)";
				CODE_SIGN_STYLE = Automatic;
				CURRENT_PROJECT_VERSION = 1;
				DEVELOPMENT_TEAM = R4YVF8268F;
				GENERATE_INFOPLIST_FILE = YES;
				IPHONEOS_DEPLOYMENT_TARGET = 16.2;
				MARKETING_VERSION = 1.0;
				PRODUCT_BUNDLE_IDENTIFIER = kg.optima.SwiftInDepthTests;
				PRODUCT_NAME = "$(TARGET_NAME)";
				SWIFT_EMIT_LOC_STRINGS = NO;
				SWIFT_VERSION = 5.0;
				TARGETED_DEVICE_FAMILY = "1,2";
				TEST_HOST = "$(BUILT_PRODUCTS_DIR)/SwiftInDepth.app/$(BUNDLE_EXECUTABLE_FOLDER_PATH)/SwiftInDepth";
			};
			name = Debug;
		};
		A936F9FC29BA1F4F00D335B1 /* Release */ = {
			isa = XCBuildConfiguration;
			buildSettings = {
				ALWAYS_EMBED_SWIFT_STANDARD_LIBRARIES = YES;
				BUNDLE_LOADER = "$(TEST_HOST)";
				CODE_SIGN_STYLE = Automatic;
				CURRENT_PROJECT_VERSION = 1;
				DEVELOPMENT_TEAM = R4YVF8268F;
				GENERATE_INFOPLIST_FILE = YES;
				IPHONEOS_DEPLOYMENT_TARGET = 16.2;
				MARKETING_VERSION = 1.0;
				PRODUCT_BUNDLE_IDENTIFIER = kg.optima.SwiftInDepthTests;
				PRODUCT_NAME = "$(TARGET_NAME)";
				SWIFT_EMIT_LOC_STRINGS = NO;
				SWIFT_VERSION = 5.0;
				TARGETED_DEVICE_FAMILY = "1,2";
				TEST_HOST = "$(BUILT_PRODUCTS_DIR)/SwiftInDepth.app/$(BUNDLE_EXECUTABLE_FOLDER_PATH)/SwiftInDepth";
			};
			name = Release;
		};
		A936F9FE29BA1F4F00D335B1 /* Debug */ = {
			isa = XCBuildConfiguration;
			buildSettings = {
				ALWAYS_EMBED_SWIFT_STANDARD_LIBRARIES = YES;
				CODE_SIGN_STYLE = Automatic;
				CURRENT_PROJECT_VERSION = 1;
				DEVELOPMENT_TEAM = R4YVF8268F;
				GENERATE_INFOPLIST_FILE = YES;
				MARKETING_VERSION = 1.0;
				PRODUCT_BUNDLE_IDENTIFIER = kg.optima.SwiftInDepthUITests;
				PRODUCT_NAME = "$(TARGET_NAME)";
				SWIFT_EMIT_LOC_STRINGS = NO;
				SWIFT_VERSION = 5.0;
				TARGETED_DEVICE_FAMILY = "1,2";
				TEST_TARGET_NAME = SwiftInDepth;
			};
			name = Debug;
		};
		A936F9FF29BA1F4F00D335B1 /* Release */ = {
			isa = XCBuildConfiguration;
			buildSettings = {
				ALWAYS_EMBED_SWIFT_STANDARD_LIBRARIES = YES;
				CODE_SIGN_STYLE = Automatic;
				CURRENT_PROJECT_VERSION = 1;
				DEVELOPMENT_TEAM = R4YVF8268F;
				GENERATE_INFOPLIST_FILE = YES;
				MARKETING_VERSION = 1.0;
				PRODUCT_BUNDLE_IDENTIFIER = kg.optima.SwiftInDepthUITests;
				PRODUCT_NAME = "$(TARGET_NAME)";
				SWIFT_EMIT_LOC_STRINGS = NO;
				SWIFT_VERSION = 5.0;
				TARGETED_DEVICE_FAMILY = "1,2";
				TEST_TARGET_NAME = SwiftInDepth;
			};
			name = Release;
		};
/* End XCBuildConfiguration section */

/* Begin XCConfigurationList section */
		A936F9CE29BA1F4E00D335B1 /* Build configuration list for PBXProject "SwiftInDepth" */ = {
			isa = XCConfigurationList;
			buildConfigurations = (
				A936F9F529BA1F4F00D335B1 /* Debug */,
				A936F9F629BA1F4F00D335B1 /* Release */,
			);
			defaultConfigurationIsVisible = 0;
			defaultConfigurationName = Release;
		};
		A936F9F729BA1F4F00D335B1 /* Build configuration list for PBXNativeTarget "SwiftInDepth" */ = {
			isa = XCConfigurationList;
			buildConfigurations = (
				A936F9F829BA1F4F00D335B1 /* Debug */,
				A936F9F929BA1F4F00D335B1 /* Release */,
			);
			defaultConfigurationIsVisible = 0;
			defaultConfigurationName = Release;
		};
		A936F9FA29BA1F4F00D335B1 /* Build configuration list for PBXNativeTarget "SwiftInDepthTests" */ = {
			isa = XCConfigurationList;
			buildConfigurations = (
				A936F9FB29BA1F4F00D335B1 /* Debug */,
				A936F9FC29BA1F4F00D335B1 /* Release */,
			);
			defaultConfigurationIsVisible = 0;
			defaultConfigurationName = Release;
		};
		A936F9FD29BA1F4F00D335B1 /* Build configuration list for PBXNativeTarget "SwiftInDepthUITests" */ = {
			isa = XCConfigurationList;
			buildConfigurations = (
				A936F9FE29BA1F4F00D335B1 /* Debug */,
				A936F9FF29BA1F4F00D335B1 /* Release */,
			);
			defaultConfigurationIsVisible = 0;
			defaultConfigurationName = Release;
		};
/* End XCConfigurationList section */
	};
	rootObject = A936F9CB29BA1F4E00D335B1 /* Project object */;
}
